{
    "version": 3,
    "terraform_version": "0.11.11",
    "serial": 5,
    "lineage": "ff24c1bc-a64b-c280-d9fe-b8cfc0791c05",
    "modules": [
        {
            "path": [
                "root"
            ],
            "outputs": {},
            "resources": {
                "azurerm_resource_group.test": {
                    "type": "azurerm_resource_group",
                    "depends_on": [],
                    "primary": {
                        "id": "/subscriptions/5d9bf9f0-fb20-4c88-836a-d7420d32156a/resourceGroups/PSBTest2",
                        "attributes": {
                            "id": "/subscriptions/5d9bf9f0-fb20-4c88-836a-d7420d32156a/resourceGroups/PSBTest2",
                            "location": "eastus",
                            "name": "PSBTest2",
                            "tags.%": "0"
                        },
                        "meta": {},
                        "tainted": false
                    },
                    "deposed": [],
                    "provider": "provider.azurerm"
                },
                "azurerm_virtual_network.test": {
                    "type": "azurerm_virtual_network",
                    "depends_on": [
                        "azurerm_resource_group.test"
                    ],
                    "primary": {
                        "id": "/subscriptions/5d9bf9f0-fb20-4c88-836a-d7420d32156a/resourceGroups/PSBTest2/providers/Microsoft.Network/virtualNetworks/PSBTest2-network",
                        "attributes": {
                            "address_space.#": "1",
                            "address_space.0": "10.0.0.0/16",
                            "dns_servers.#": "0",
                            "id": "/subscriptions/5d9bf9f0-fb20-4c88-836a-d7420d32156a/resourceGroups/PSBTest2/providers/Microsoft.Network/virtualNetworks/PSBTest2-network",
                            "location": "eastus",
                            "name": "PSBTest2-network",
                            "resource_group_name": "PSBTest2",
                            "subnet.#": "0",
                            "tags.%": "0"
                        },
                        "meta": {},
                        "tainted": false
                    },
                    "deposed": [],
                    "provider": "provider.azurerm"
                }
            },
            "depends_on": []
        }
    ]
}
